{
  "name": "@wasm-gaming/smbros-wasm",
  "version": "0.1.0",
  "lockfileVersion": 3,
  "requires": true,
  "packages": {
    "": {
      "name": "@wasm-gaming/smbros-wasm",
      "version": "0.1.0",
      "license": "MIT",
      "devDependencies": {
        "@wasm-gaming/engine-specs": "^0.2.6",
        "typescript": "^5.5.0"
      },
      "peerDependencies": {
        "@wasm-gaming/engine-specs": ">=0.2.0"
      },
      "peerDependenciesMeta": {
        "@wasm-gaming/engine-specs": {
          "optional": true
        }
      }
    },
    "node_modules/@wasm-gaming/engine-specs": {
      "version": "0.2.6",
      "resolved": "https://registry.npmjs.org/@wasm-gaming/engine-specs/-/engine-specs-0.2.6.tgz",
      "integrity": "sha512-jinrEAt3yC3KRBxS3rqmHhB6flldYT2x3EWgPsKOjPXfKmK9u2FLGmKkO+6XOJzv1qr5RSNb//TSHg65RpaYdA==",
      "dev": true,
      "license": "MIT",
      "dependencies": {
        "zod": "^4.4.3"
      }
    },
    "node_modules/typescript": {
      "version": "5.9.3",
      "resolved": "https://registry.npmjs.org/typescript/-/typescript-5.9.3.tgz",
      "integrity": "sha512-jl1vZzPDinLr9eUt3J/t7V6FgNEw9QjvBPdysz9KfQDD41fQrC2Y4vKQdiaUpFT4bXlb1RHhLpp8wtm6M5TgSw==",
      "dev": true,
      "license": "Apache-2.0",
      "bin": {
        "tsc": "bin/tsc",
        "tsserver": "bin/tsserver"
      },
      "engines": {
        "node": ">=14.17"
      }
    },
    "node_modules/zod": {
      "version": "4.4.3",
      "resolved": "https://registry.npmjs.org/zod/-/zod-4.4.3.tgz",
      "integrity": "sha512-ytENFjIJFl2UwYglde2jchW2Hwm4GJFLDiSXWdTrJQBIN9Fcyp7n4DhxJEiWNAJMV1/BqWfW/kkg71UDcHJyTQ==",
      "dev": true,
      "license": "MIT",
      "funding": {
        "url": "https://github.com/sponsors/colinhacks"
      }
    }
  }
}
